
Microsoft Visual Studio Solution File, Format Version 12.00
# Visual Studio Version 16
VisualStudioVersion = 16.0.31729.503
MinimumVisualStudioVersion = 10.0.40219.1
Project("{FAE04EC0-301F-11D3-BF4B-00C04F79EFBC}") = "mvc_assign5", "mvc_assign5\mvc_assign5.csproj", "{DAD46CB4-941B-41EC-929F-8FCF47814EC1}"
EndProject
Global
	GlobalSection(SolutionConfigurationPlatforms) = preSolution
		Debug|Any CPU = Debug|Any CPU
		Release|Any CPU = Release|Any CPU
	EndGlobalSection
	GlobalSection(ProjectConfigurationPlatforms) = postSolution
		{DAD46CB4-941B-41EC-929F-8FCF47814EC1}.Debug|Any CPU.ActiveCfg = Debug|Any CPU
		{DAD46CB4-941B-41EC-929F-8FCF47814EC1}.Debug|Any CPU.Build.0 = Debug|Any CPU
		{DAD46CB4-941B-41EC-929F-8FCF47814EC1}.Release|Any CPU.ActiveCfg = Release|Any CPU
		{DAD46CB4-941B-41EC-929F-8FCF47814EC1}.Release|Any CPU.Build.0 = Release|Any CPU
	EndGlobalSection
	GlobalSection(SolutionProperties) = preSolution
		HideSolutionNode = FALSE
	EndGlobalSection
	GlobalSection(ExtensibilityGlobals) = postSolution
		SolutionGuid = {E45E73A4-BA27-492A-A59C-A36424230F16}
	EndGlobalSection
EndGlobal
